
Microsoft Visual Studio Solution File, Format Version 12.00
# Visual Studio Version 16
VisualStudioVersion = 16.0.30413.136
MinimumVisualStudioVersion = 10.0.40219.1
Project("{9A19103F-16F7-4668-BE54-9A1E7A4F7556}") = "OracleDataContext", "OracleDataContext\OracleDataContext.csproj", "{B2A59522-AF17-4DA5-83C2-9074C65F1753}"
EndProject
Project("{9A19103F-16F7-4668-BE54-9A1E7A4F7556}") = "UnitTestProject1", "UnitTestProject1\UnitTestProject1.csproj", "{84C44711-E803-4165-9F45-57576679384B}"
EndProject
Project("{FAE04EC0-301F-11D3-BF4B-00C04F79EFBC}") = "UC2OracleDataContext", "UC2OracleDataContext\UC2OracleDataContext.csproj", "{C53AC229-93B5-4794-8D5A-A6621062E98B}"
EndProject
Global
	GlobalSection(SolutionConfigurationPlatforms) = preSolution
		Debug|Any CPU = Debug|Any CPU
		Release|Any CPU = Release|Any CPU
	EndGlobalSection
	GlobalSection(ProjectConfigurationPlatforms) = postSolution
		{B2A59522-AF17-4DA5-83C2-9074C65F1753}.Debug|Any CPU.ActiveCfg = Debug|Any CPU
		{B2A59522-AF17-4DA5-83C2-9074C65F1753}.Debug|Any CPU.Build.0 = Debug|Any CPU
		{B2A59522-AF17-4DA5-83C2-9074C65F1753}.Release|Any CPU.ActiveCfg = Release|Any CPU
		{B2A59522-AF17-4DA5-83C2-9074C65F1753}.Release|Any CPU.Build.0 = Release|Any CPU
		{84C44711-E803-4165-9F45-57576679384B}.Debug|Any CPU.ActiveCfg = Debug|Any CPU
		{84C44711-E803-4165-9F45-57576679384B}.Debug|Any CPU.Build.0 = Debug|Any CPU
		{84C44711-E803-4165-9F45-57576679384B}.Release|Any CPU.ActiveCfg = Release|Any CPU
		{84C44711-E803-4165-9F45-57576679384B}.Release|Any CPU.Build.0 = Release|Any CPU
		{C53AC229-93B5-4794-8D5A-A6621062E98B}.Debug|Any CPU.ActiveCfg = Debug|Any CPU
		{C53AC229-93B5-4794-8D5A-A6621062E98B}.Debug|Any CPU.Build.0 = Debug|Any CPU
		{C53AC229-93B5-4794-8D5A-A6621062E98B}.Release|Any CPU.ActiveCfg = Release|Any CPU
		{C53AC229-93B5-4794-8D5A-A6621062E98B}.Release|Any CPU.Build.0 = Release|Any CPU
	EndGlobalSection
	GlobalSection(SolutionProperties) = preSolution
		HideSolutionNode = FALSE
	EndGlobalSection
	GlobalSection(ExtensibilityGlobals) = postSolution
		SolutionGuid = {FD1639BC-BB93-44E2-A227-139ECFCF60D6}
	EndGlobalSection
EndGlobal
